
Microsoft Visual Studio Solution File, Format Version 12.00
# Visual Studio Version 17
VisualStudioVersion = 17.14.36408.4 d17.14
MinimumVisualStudioVersion = 10.0.40219.1
Project("{FAE04EC0-301F-11D3-BF4B-00C04F79EFBC}") = "AzureFuncsDemoForExam", "AzureFuncsDemoForExam\AzureFuncsDemoForExam.csproj", "{5D262C4B-D1A3-436B-8F8C-C29283DFFEC3}"
EndProject
Global
	GlobalSection(SolutionConfigurationPlatforms) = preSolution
		Debug|Any CPU = Debug|Any CPU
		Release|Any CPU = Release|Any CPU
	EndGlobalSection
	GlobalSection(ProjectConfigurationPlatforms) = postSolution
		{5D262C4B-D1A3-436B-8F8C-C29283DFFEC3}.Debug|Any CPU.ActiveCfg = Debug|Any CPU
		{5D262C4B-D1A3-436B-8F8C-C29283DFFEC3}.Debug|Any CPU.Build.0 = Debug|Any CPU
		{5D262C4B-D1A3-436B-8F8C-C29283DFFEC3}.Release|Any CPU.ActiveCfg = Release|Any CPU
		{5D262C4B-D1A3-436B-8F8C-C29283DFFEC3}.Release|Any CPU.Build.0 = Release|Any CPU
	EndGlobalSection
	GlobalSection(SolutionProperties) = preSolution
		HideSolutionNode = FALSE
	EndGlobalSection
	GlobalSection(ExtensibilityGlobals) = postSolution
		SolutionGuid = {DAEBA5CC-675A-4E8F-B824-01E9083D6B88}
	EndGlobalSection
EndGlobal
